// !$*UTF8*$!
{
	archiveVersion = 1;
	classes = {
	};
	objectVersion = 56;
	objects = {

/* Begin PBXBuildFile section */
		DB5635112BC1713A00A6E76C /* Chango-Regular.ttf in Resources */ = {isa = PBXBuildFile; fileRef = DB5635102BC1713A00A6E76C /* Chango-Regular.ttf */; };
		DB5635132BC1750000A6E76C /* Fonts.swift in Sources */ = {isa = PBXBuildFile; fileRef = DB5635122BC1750000A6E76C /* Fonts.swift */; };
		DB69289A2BB1CBCD0089FCB1 /* AppDelegate.swift in Sources */ = {isa = PBXBuildFile; fileRef = DB6928992BB1CBCD0089FCB1 /* AppDelegate.swift */; };
		DB69289C2BB1CBCD0089FCB1 /* SceneDelegate.swift in Sources */ = {isa = PBXBuildFile; fileRef = DB69289B2BB1CBCD0089FCB1 /* SceneDelegate.swift */; };
		DB6928A42BB1CBCD0089FCB1 /* NewsApp.xcdatamodeld in Sources */ = {isa = PBXBuildFile; fileRef = DB6928A22BB1CBCD0089FCB1 /* NewsApp.xcdatamodeld */; };
		DB6928A62BB1CBCE0089FCB1 /* Assets.xcassets in Resources */ = {isa = PBXBuildFile; fileRef = DB6928A52BB1CBCE0089FCB1 /* Assets.xcassets */; };
		DB6928A92BB1CBCE0089FCB1 /* Base in Resources */ = {isa = PBXBuildFile; fileRef = DB6928A82BB1CBCE0089FCB1 /* Base */; };
		DB6928B32BB30BC70089FCB1 /* NewsListViewController.swift in Sources */ = {isa = PBXBuildFile; fileRef = DB6928B22BB30BC70089FCB1 /* NewsListViewController.swift */; };
		DB6928B52BB31D860089FCB1 /* Colors.swift in Sources */ = {isa = PBXBuildFile; fileRef = DB6928B42BB31D860089FCB1 /* Colors.swift */; };
		DB6928B72BB31FB60089FCB1 /* MainTabBarController.swift in Sources */ = {isa = PBXBuildFile; fileRef = DB6928B62BB31FB60089FCB1 /* MainTabBarController.swift */; };
		DB6928BA2BB470E20089FCB1 /* FavoriteNewsListViewController.swift in Sources */ = {isa = PBXBuildFile; fileRef = DB6928B92BB470E20089FCB1 /* FavoriteNewsListViewController.swift */; };
		DB6928BC2BB707DD0089FCB1 /* Article.swift in Sources */ = {isa = PBXBuildFile; fileRef = DB6928BB2BB707DD0089FCB1 /* Article.swift */; };
		DB6928BE2BB70D890089FCB1 /* NewsListTableViewCell.swift in Sources */ = {isa = PBXBuildFile; fileRef = DB6928BD2BB70D890089FCB1 /* NewsListTableViewCell.swift */; };
		DB6928C32BB994080089FCB1 /* NewsInfoViewController.swift in Sources */ = {isa = PBXBuildFile; fileRef = DB6928C22BB994080089FCB1 /* NewsInfoViewController.swift */; };
		DB6928C52BB9947A0089FCB1 /* NewsInfoView.swift in Sources */ = {isa = PBXBuildFile; fileRef = DB6928C42BB9947A0089FCB1 /* NewsInfoView.swift */; };
/* End PBXBuildFile section */

/* Begin PBXFileReference section */
		DB5635102BC1713A00A6E76C /* Chango-Regular.ttf */ = {isa = PBXFileReference; lastKnownFileType = file; name = "Chango-Regular.ttf"; path = "../../../../../Downloads/Chango/Chango-Regular.ttf"; sourceTree = "<group>"; };
		DB5635122BC1750000A6E76C /* Fonts.swift */ = {isa = PBXFileReference; lastKnownFileType = sourcecode.swift; path = Fonts.swift; sourceTree = "<group>"; };
		DB6928962BB1CBCD0089FCB1 /* NewsApp.app */ = {isa = PBXFileReference; explicitFileType = wrapper.application; includeInIndex = 0; path = NewsApp.app; sourceTree = BUILT_PRODUCTS_DIR; };
		DB6928992BB1CBCD0089FCB1 /* AppDelegate.swift */ = {isa = PBXFileReference; lastKnownFileType = sourcecode.swift; path = AppDelegate.swift; sourceTree = "<group>"; };
		DB69289B2BB1CBCD0089FCB1 /* SceneDelegate.swift */ = {isa = PBXFileReference; lastKnownFileType = sourcecode.swift; path = SceneDelegate.swift; sourceTree = "<group>"; };
		DB6928A32BB1CBCD0089FCB1 /* NewsApp.xcdatamodel */ = {isa = PBXFileReference; lastKnownFileType = wrapper.xcdatamodel; path = NewsApp.xcdatamodel; sourceTree = "<group>"; };
		DB6928A52BB1CBCE0089FCB1 /* Assets.xcassets */ = {isa = PBXFileReference; lastKnownFileType = folder.assetcatalog; path = Assets.xcassets; sourceTree = "<group>"; };
		DB6928A82BB1CBCE0089FCB1 /* Base */ = {isa = PBXFileReference; lastKnownFileType = file.storyboard; name = Base; path = Base.lproj/LaunchScreen.storyboard; sourceTree = "<group>"; };
		DB6928AA2BB1CBCE0089FCB1 /* Info.plist */ = {isa = PBXFileReference; lastKnownFileType = text.plist.xml; path = Info.plist; sourceTree = "<group>"; };
		DB6928B22BB30BC70089FCB1 /* NewsListViewController.swift */ = {isa = PBXFileReference; lastKnownFileType = sourcecode.swift; path = NewsListViewController.swift; sourceTree = "<group>"; };
		DB6928B42BB31D860089FCB1 /* Colors.swift */ = {isa = PBXFileReference; lastKnownFileType = sourcecode.swift; path = Colors.swift; sourceTree = "<group>"; };
		DB6928B62BB31FB60089FCB1 /* MainTabBarController.swift */ = {isa = PBXFileReference; lastKnownFileType = sourcecode.swift; path = MainTabBarController.swift; sourceTree = "<group>"; };
		DB6928B92BB470E20089FCB1 /* FavoriteNewsListViewController.swift */ = {isa = PBXFileReference; lastKnownFileType = sourcecode.swift; path = FavoriteNewsListViewController.swift; sourceTree = "<group>"; };
		DB6928BB2BB707DD0089FCB1 /* Article.swift */ = {isa = PBXFileReference; lastKnownFileType = sourcecode.swift; path = Article.swift; sourceTree = "<group>"; };
		DB6928BD2BB70D890089FCB1 /* NewsListTableViewCell.swift */ = {isa = PBXFileReference; lastKnownFileType = sourcecode.swift; path = NewsListTableViewCell.swift; sourceTree = "<group>"; };
		DB6928C22BB994080089FCB1 /* NewsInfoViewController.swift */ = {isa = PBXFileReference; lastKnownFileType = sourcecode.swift; path = NewsInfoViewController.swift; sourceTree = "<group>"; };
		DB6928C42BB9947A0089FCB1 /* NewsInfoView.swift */ = {isa = PBXFileReference; lastKnownFileType = sourcecode.swift; path = NewsInfoView.swift; sourceTree = "<group>"; };
/* End PBXFileReference section */

/* Begin PBXFrameworksBuildPhase section */
		DB6928932BB1CBCD0089FCB1 /* Frameworks */ = {
			isa = PBXFrameworksBuildPhase;
			buildActionMask = 2147483647;
			files = (
			);
			runOnlyForDeploymentPostprocessing = 0;
		};
/* End PBXFrameworksBuildPhase section */

/* Begin PBXGroup section */
		DB56350F2BC1712600A6E76C /* Fonts */ = {
			isa = PBXGroup;
			children = (
				DB5635122BC1750000A6E76C /* Fonts.swift */,
				DB5635102BC1713A00A6E76C /* Chango-Regular.ttf */,
			);
			path = Fonts;
			sourceTree = "<group>";
		};
		DB69288D2BB1CBCD0089FCB1 = {
			isa = PBXGroup;
			children = (
				DB6928982BB1CBCD0089FCB1 /* NewsApp */,
				DB6928972BB1CBCD0089FCB1 /* Products */,
			);
			sourceTree = "<group>";
		};
		DB6928972BB1CBCD0089FCB1 /* Products */ = {
			isa = PBXGroup;
			children = (
				DB6928962BB1CBCD0089FCB1 /* NewsApp.app */,
			);
			name = Products;
			sourceTree = "<group>";
		};
		DB6928982BB1CBCD0089FCB1 /* NewsApp */ = {
			isa = PBXGroup;
			children = (
				DB6928C12BB993B70089FCB1 /* NewsInfo */,
				DB6928B82BB470830089FCB1 /* Favorite */,
				DB6928B12BB30B820089FCB1 /* NewsList */,
				DB6928992BB1CBCD0089FCB1 /* AppDelegate.swift */,
				DB69289B2BB1CBCD0089FCB1 /* SceneDelegate.swift */,
				DB6928A52BB1CBCE0089FCB1 /* Assets.xcassets */,
				DB6928A72BB1CBCE0089FCB1 /* LaunchScreen.storyboard */,
				DB6928AA2BB1CBCE0089FCB1 /* Info.plist */,
				DB6928A22BB1CBCD0089FCB1 /* NewsApp.xcdatamodeld */,
				DB6928B62BB31FB60089FCB1 /* MainTabBarController.swift */,
				DB6928B42BB31D860089FCB1 /* Colors.swift */,
				DB6928BB2BB707DD0089FCB1 /* Article.swift */,
				DB56350F2BC1712600A6E76C /* Fonts */,
			);
			path = NewsApp;
			sourceTree = "<group>";
		};
		DB6928B12BB30B820089FCB1 /* NewsList */ = {
			isa = PBXGroup;
			children = (
				DB6928BF2BB70D960089FCB1 /* Views */,
				DB6928B22BB30BC70089FCB1 /* NewsListViewController.swift */,
			);
			path = NewsList;
			sourceTree = "<group>";
		};
		DB6928B82BB470830089FCB1 /* Favorite */ = {
			isa = PBXGroup;
			children = (
				DB6928B92BB470E20089FCB1 /* FavoriteNewsListViewController.swift */,
			);
			path = Favorite;
			sourceTree = "<group>";
		};
		DB6928BF2BB70D960089FCB1 /* Views */ = {
			isa = PBXGroup;
			children = (
				DB6928BD2BB70D890089FCB1 /* NewsListTableViewCell.swift */,
			);
			path = Views;
			sourceTree = "<group>";
		};
		DB6928C12BB993B70089FCB1 /* NewsInfo */ = {
			isa = PBXGroup;
			children = (
				DB6928C22BB994080089FCB1 /* NewsInfoViewController.swift */,
				DB6928C42BB9947A0089FCB1 /* NewsInfoView.swift */,
			);
			path = NewsInfo;
			sourceTree = "<group>";
		};
/* End PBXGroup section */

/* Begin PBXNativeTarget section */
		DB6928952BB1CBCD0089FCB1 /* NewsApp */ = {
			isa = PBXNativeTarget;
			buildConfigurationList = DB6928AD2BB1CBCE0089FCB1 /* Build configuration list for PBXNativeTarget "NewsApp" */;
			buildPhases = (
				DB6928922BB1CBCD0089FCB1 /* Sources */,
				DB6928932BB1CBCD0089FCB1 /* Frameworks */,
				DB6928942BB1CBCD0089FCB1 /* Resources */,
			);
			buildRules = (
			);
			dependencies = (
			);
			name = NewsApp;
			productName = NewsApp;
			productReference = DB6928962BB1CBCD0089FCB1 /* NewsApp.app */;
			productType = "com.apple.product-type.application";
		};
/* End PBXNativeTarget section */

/* Begin PBXProject section */
		DB69288E2BB1CBCD0089FCB1 /* Project object */ = {
			isa = PBXProject;
			attributes = {
				BuildIndependentTargetsInParallel = 1;
				LastSwiftUpdateCheck = 1530;
				LastUpgradeCheck = 1530;
				TargetAttributes = {
					DB6928952BB1CBCD0089FCB1 = {
						CreatedOnToolsVersion = 15.3;
					};
				};
			};
			buildConfigurationList = DB6928912BB1CBCD0089FCB1 /* Build configuration list for PBXProject "NewsApp" */;
			compatibilityVersion = "Xcode 14.0";
			developmentRegion = en;
			hasScannedForEncodings = 0;
			knownRegions = (
				en,
				Base,
			);
			mainGroup = DB69288D2BB1CBCD0089FCB1;
			productRefGroup = DB6928972BB1CBCD0089FCB1 /* Products */;
			projectDirPath = "";
			projectRoot = "";
			targets = (
				DB6928952BB1CBCD0089FCB1 /* NewsApp */,
			);
		};
/* End PBXProject section */

/* Begin PBXResourcesBuildPhase section */
		DB6928942BB1CBCD0089FCB1 /* Resources */ = {
			isa = PBXResourcesBuildPhase;
			buildActionMask = 2147483647;
			files = (
				DB6928A62BB1CBCE0089FCB1 /* Assets.xcassets in Resources */,
				DB5635112BC1713A00A6E76C /* Chango-Regular.ttf in Resources */,
				DB6928A92BB1CBCE0089FCB1 /* Base in Resources */,
			);
			runOnlyForDeploymentPostprocessing = 0;
		};
/* End PBXResourcesBuildPhase section */

/* Begin PBXSourcesBuildPhase section */
		DB6928922BB1CBCD0089FCB1 /* Sources */ = {
			isa = PBXSourcesBuildPhase;
			buildActionMask = 2147483647;
			files = (
				DB69289A2BB1CBCD0089FCB1 /* AppDelegate.swift in Sources */,
				DB6928BE2BB70D890089FCB1 /* NewsListTableViewCell.swift in Sources */,
				DB6928C52BB9947A0089FCB1 /* NewsInfoView.swift in Sources */,
				DB6928B52BB31D860089FCB1 /* Colors.swift in Sources */,
				DB5635132BC1750000A6E76C /* Fonts.swift in Sources */,
				DB6928B72BB31FB60089FCB1 /* MainTabBarController.swift in Sources */,
				DB6928BA2BB470E20089FCB1 /* FavoriteNewsListViewController.swift in Sources */,
				DB6928BC2BB707DD0089FCB1 /* Article.swift in Sources */,
				DB6928A42BB1CBCD0089FCB1 /* NewsApp.xcdatamodeld in Sources */,
				DB6928C32BB994080089FCB1 /* NewsInfoViewController.swift in Sources */,
				DB69289C2BB1CBCD0089FCB1 /* SceneDelegate.swift in Sources */,
				DB6928B32BB30BC70089FCB1 /* NewsListViewController.swift in Sources */,
			);
			runOnlyForDeploymentPostprocessing = 0;
		};
/* End PBXSourcesBuildPhase section */

/* Begin PBXVariantGroup section */
		DB6928A72BB1CBCE0089FCB1 /* LaunchScreen.storyboard */ = {
			isa = PBXVariantGroup;
			children = (
				DB6928A82BB1CBCE0089FCB1 /* Base */,
			);
			name = LaunchScreen.storyboard;
			sourceTree = "<group>";
		};
/* End PBXVariantGroup section */

/* Begin XCBuildConfiguration section */
		DB6928AB2BB1CBCE0089FCB1 /* Debug */ = {
			isa = XCBuildConfiguration;
			buildSettings = {
				ALWAYS_SEARCH_USER_PATHS = NO;
				ASSETCATALOG_COMPILER_GENERATE_SWIFT_ASSET_SYMBOL_EXTENSIONS = YES;
				CLANG_ANALYZER_NONNULL = YES;
				CLANG_ANALYZER_NUMBER_OBJECT_CONVERSION = YES_AGGRESSIVE;
				CLANG_CXX_LANGUAGE_STANDARD = "gnu++20";
				CLANG_ENABLE_MODULES = YES;
				CLANG_ENABLE_OBJC_ARC = YES;
				CLANG_ENABLE_OBJC_WEAK = YES;
				CLANG_WARN_BLOCK_CAPTURE_AUTORELEASING = YES;
				CLANG_WARN_BOOL_CONVERSION = YES;
				CLANG_WARN_COMMA = YES;
				CLANG_WARN_CONSTANT_CONVERSION = YES;
				CLANG_WARN_DEPRECATED_OBJC_IMPLEMENTATIONS = YES;
				CLANG_WARN_DIRECT_OBJC_ISA_USAGE = YES_ERROR;
				CLANG_WARN_DOCUMENTATION_COMMENTS = YES;
				CLANG_WARN_EMPTY_BODY = YES;
				CLANG_WARN_ENUM_CONVERSION = YES;
				CLANG_WARN_INFINITE_RECURSION = YES;
				CLANG_WARN_INT_CONVERSION = YES;
				CLANG_WARN_NON_LITERAL_NULL_CONVERSION = YES;
				CLANG_WARN_OBJC_IMPLICIT_RETAIN_SELF = YES;
				CLANG_WARN_OBJC_LITERAL_CONVERSION = YES;
				CLANG_WARN_OBJC_ROOT_CLASS = YES_ERROR;
				CLANG_WARN_QUOTED_INCLUDE_IN_FRAMEWORK_HEADER = YES;
				CLANG_WARN_RANGE_LOOP_ANALYSIS = YES;
				CLANG_WARN_STRICT_PROTOTYPES = YES;
				CLANG_WARN_SUSPICIOUS_MOVE = YES;
				CLANG_WARN_UNGUARDED_AVAILABILITY = YES_AGGRESSIVE;
				CLANG_WARN_UNREACHABLE_CODE = YES;
				CLANG_WARN__DUPLICATE_METHOD_MATCH = YES;
				COPY_PHASE_STRIP = NO;
				DEBUG_INFORMATION_FORMAT = dwarf;
				ENABLE_STRICT_OBJC_MSGSEND = YES;
				ENABLE_TESTABILITY = YES;
				ENABLE_USER_SCRIPT_SANDBOXING = YES;
				GCC_C_LANGUAGE_STANDARD = gnu17;
				GCC_DYNAMIC_NO_PIC = NO;
				GCC_NO_COMMON_BLOCKS = YES;
				GCC_OPTIMIZATION_LEVEL = 0;
				GCC_PREPROCESSOR_DEFINITIONS = (
					"DEBUG=1",
					"$(inherited)",
				);
				GCC_WARN_64_TO_32_BIT_CONVERSION = YES;
				GCC_WARN_ABOUT_RETURN_TYPE = YES_ERROR;
				GCC_WARN_UNDECLARED_SELECTOR = YES;
				GCC_WARN_UNINITIALIZED_AUTOS = YES_AGGRESSIVE;
				GCC_WARN_UNUSED_FUNCTION = YES;
				GCC_WARN_UNUSED_VARIABLE = YES;
				IPHONEOS_DEPLOYMENT_TARGET = 17.4;
				LOCALIZATION_PREFERS_STRING_CATALOGS = YES;
				MTL_ENABLE_DEBUG_INFO = INCLUDE_SOURCE;
				MTL_FAST_MATH = YES;
				ONLY_ACTIVE_ARCH = YES;
				SDKROOT = iphoneos;
				SWIFT_ACTIVE_COMPILATION_CONDITIONS = "DEBUG $(inherited)";
				SWIFT_OPTIMIZATION_LEVEL = "-Onone";
			};
			name = Debug;
		};
		DB6928AC2BB1CBCE0089FCB1 /* Release */ = {
			isa = XCBuildConfiguration;
			buildSettings = {
				ALWAYS_SEARCH_USER_PATHS = NO;
				ASSETCATALOG_COMPILER_GENERATE_SWIFT_ASSET_SYMBOL_EXTENSIONS = YES;
				CLANG_ANALYZER_NONNULL = YES;
				CLANG_ANALYZER_NUMBER_OBJECT_CONVERSION = YES_AGGRESSIVE;
				CLANG_CXX_LANGUAGE_STANDARD = "gnu++20";
				CLANG_ENABLE_MODULES = YES;
				CLANG_ENABLE_OBJC_ARC = YES;
				CLANG_ENABLE_OBJC_WEAK = YES;
				CLANG_WARN_BLOCK_CAPTURE_AUTORELEASING = YES;
				CLANG_WARN_BOOL_CONVERSION = YES;
				CLANG_WARN_COMMA = YES;
				CLANG_WARN_CONSTANT_CONVERSION = YES;
				CLANG_WARN_DEPRECATED_OBJC_IMPLEMENTATIONS = YES;
				CLANG_WARN_DIRECT_OBJC_ISA_USAGE = YES_ERROR;
				CLANG_WARN_DOCUMENTATION_COMMENTS = YES;
				CLANG_WARN_EMPTY_BODY = YES;
				CLANG_WARN_ENUM_CONVERSION = YES;
				CLANG_WARN_INFINITE_RECURSION = YES;
				CLANG_WARN_INT_CONVERSION = YES;
				CLANG_WARN_NON_LITERAL_NULL_CONVERSION = YES;
				CLANG_WARN_OBJC_IMPLICIT_RETAIN_SELF = YES;
				CLANG_WARN_OBJC_LITERAL_CONVERSION = YES;
				CLANG_WARN_OBJC_ROOT_CLASS = YES_ERROR;
				CLANG_WARN_QUOTED_INCLUDE_IN_FRAMEWORK_HEADER = YES;
				CLANG_WARN_RANGE_LOOP_ANALYSIS = YES;
				CLANG_WARN_STRICT_PROTOTYPES = YES;
				CLANG_WARN_SUSPICIOUS_MOVE = YES;
				CLANG_WARN_UNGUARDED_AVAILABILITY = YES_AGGRESSIVE;
				CLANG_WARN_UNREACHABLE_CODE = YES;
				CLANG_WARN__DUPLICATE_METHOD_MATCH = YES;
				COPY_PHASE_STRIP = NO;
				DEBUG_INFORMATION_FORMAT = "dwarf-with-dsym";
				ENABLE_NS_ASSERTIONS = NO;
				ENABLE_STRICT_OBJC_MSGSEND = YES;
				ENABLE_USER_SCRIPT_SANDBOXING = YES;
				GCC_C_LANGUAGE_STANDARD = gnu17;
				GCC_NO_COMMON_BLOCKS = YES;
				GCC_WARN_64_TO_32_BIT_CONVERSION = YES;
				GCC_WARN_ABOUT_RETURN_TYPE = YES_ERROR;
				GCC_WARN_UNDECLARED_SELECTOR = YES;
				GCC_WARN_UNINITIALIZED_AUTOS = YES_AGGRESSIVE;
				GCC_WARN_UNUSED_FUNCTION = YES;
				GCC_WARN_UNUSED_VARIABLE = YES;
				IPHONEOS_DEPLOYMENT_TARGET = 17.4;
				LOCALIZATION_PREFERS_STRING_CATALOGS = YES;
				MTL_ENABLE_DEBUG_INFO = NO;
				MTL_FAST_MATH = YES;
				SDKROOT = iphoneos;
				SWIFT_COMPILATION_MODE = wholemodule;
				VALIDATE_PRODUCT = YES;
			};
			name = Release;
		};
		DB6928AE2BB1CBCE0089FCB1 /* Debug */ = {
			isa = XCBuildConfiguration;
			buildSettings = {
				ASSETCATALOG_COMPILER_APPICON_NAME = AppIcon;
				ASSETCATALOG_COMPILER_GLOBAL_ACCENT_COLOR_NAME = AccentColor;
				CODE_SIGN_STYLE = Automatic;
				CURRENT_PROJECT_VERSION = 1;
				GENERATE_INFOPLIST_FILE = YES;
				INFOPLIST_FILE = NewsApp/Info.plist;
				INFOPLIST_KEY_UIApplicationSupportsIndirectInputEvents = YES;
				INFOPLIST_KEY_UILaunchStoryboardName = LaunchScreen;
				INFOPLIST_KEY_UIMainStoryboardFile = "";
				INFOPLIST_KEY_UISupportedInterfaceOrientations = UIInterfaceOrientationPortrait;
				INFOPLIST_KEY_UISupportedInterfaceOrientations_iPad = "UIInterfaceOrientationLandscapeLeft UIInterfaceOrientationLandscapeRight UIInterfaceOrientationPortrait UIInterfaceOrientationPortraitUpsideDown";
				IPHONEOS_DEPLOYMENT_TARGET = 17.0;
				LD_RUNPATH_SEARCH_PATHS = (
					"$(inherited)",
					"@executable_path/Frameworks",
				);
				MARKETING_VERSION = 1.0;
				PRODUCT_BUNDLE_IDENTIFIER = M.NewsApp;
				PRODUCT_NAME = "$(TARGET_NAME)";
				SUPPORTED_PLATFORMS = "iphoneos iphonesimulator";
				SUPPORTS_MACCATALYST = NO;
				SUPPORTS_MAC_DESIGNED_FOR_IPHONE_IPAD = NO;
				SUPPORTS_XR_DESIGNED_FOR_IPHONE_IPAD = NO;
				SWIFT_EMIT_LOC_STRINGS = YES;
				SWIFT_VERSION = 5.0;
				TARGETED_DEVICE_FAMILY = 1;
			};
			name = Debug;
		};
		DB6928AF2BB1CBCE0089FCB1 /* Release */ = {
			isa = XCBuildConfiguration;
			buildSettings = {
				ASSETCATALOG_COMPILER_APPICON_NAME = AppIcon;
				ASSETCATALOG_COMPILER_GLOBAL_ACCENT_COLOR_NAME = AccentColor;
				CODE_SIGN_STYLE = Automatic;
				CURRENT_PROJECT_VERSION = 1;
				GENERATE_INFOPLIST_FILE = YES;
				INFOPLIST_FILE = NewsApp/Info.plist;
				INFOPLIST_KEY_UIApplicationSupportsIndirectInputEvents = YES;
				INFOPLIST_KEY_UILaunchStoryboardName = LaunchScreen;
				INFOPLIST_KEY_UIMainStoryboardFile = "";
				INFOPLIST_KEY_UISupportedInterfaceOrientations = UIInterfaceOrientationPortrait;
				INFOPLIST_KEY_UISupportedInterfaceOrientations_iPad = "UIInterfaceOrientationLandscapeLeft UIInterfaceOrientationLandscapeRight UIInterfaceOrientationPortrait UIInterfaceOrientationPortraitUpsideDown";
				IPHONEOS_DEPLOYMENT_TARGET = 17.0;
				LD_RUNPATH_SEARCH_PATHS = (
					"$(inherited)",
					"@executable_path/Frameworks",
				);
				MARKETING_VERSION = 1.0;
				PRODUCT_BUNDLE_IDENTIFIER = M.NewsApp;
				PRODUCT_NAME = "$(TARGET_NAME)";
				SUPPORTED_PLATFORMS = "iphoneos iphonesimulator";
				SUPPORTS_MACCATALYST = NO;
				SUPPORTS_MAC_DESIGNED_FOR_IPHONE_IPAD = NO;
				SUPPORTS_XR_DESIGNED_FOR_IPHONE_IPAD = NO;
				SWIFT_EMIT_LOC_STRINGS = YES;
				SWIFT_VERSION = 5.0;
				TARGETED_DEVICE_FAMILY = 1;
			};
			name = Release;
		};
/* End XCBuildConfiguration section */

/* Begin XCConfigurationList section */
		DB6928912BB1CBCD0089FCB1 /* Build configuration list for PBXProject "NewsApp" */ = {
			isa = XCConfigurationList;
			buildConfigurations = (
				DB6928AB2BB1CBCE0089FCB1 /* Debug */,
				DB6928AC2BB1CBCE0089FCB1 /* Release */,
			);
			defaultConfigurationIsVisible = 0;
			defaultConfigurationName = Release;
		};
		DB6928AD2BB1CBCE0089FCB1 /* Build configuration list for PBXNativeTarget "NewsApp" */ = {
			isa = XCConfigurationList;
			buildConfigurations = (
				DB6928AE2BB1CBCE0089FCB1 /* Debug */,
				DB6928AF2BB1CBCE0089FCB1 /* Release */,
			);
			defaultConfigurationIsVisible = 0;
			defaultConfigurationName = Release;
		};
/* End XCConfigurationList section */

/* Begin XCVersionGroup section */
		DB6928A22BB1CBCD0089FCB1 /* NewsApp.xcdatamodeld */ = {
			isa = XCVersionGroup;
			children = (
				DB6928A32BB1CBCD0089FCB1 /* NewsApp.xcdatamodel */,
			);
			currentVersion = DB6928A32BB1CBCD0089FCB1 /* NewsApp.xcdatamodel */;
			path = NewsApp.xcdatamodeld;
			sourceTree = "<group>";
			versionGroupType = wrapper.xcdatamodel;
		};
/* End XCVersionGroup section */
	};
	rootObject = DB69288E2BB1CBCD0089FCB1 /* Project object */;
}
